
Microsoft Visual Studio Solution File, Format Version 12.00
# Visual Studio Version 16
VisualStudioVersion = 16.0.31129.286
MinimumVisualStudioVersion = 10.0.40219.1
Project("{9A19103F-16F7-4668-BE54-9A1E7A4F7556}") = "WeLearn.Services", "Services\WeLearn.Services\WeLearn.Services.csproj", "{29A8C1D1-7AED-4456-BAA3-95FE30FD18B0}"
EndProject
Project("{9A19103F-16F7-4668-BE54-9A1E7A4F7556}") = "WeLearn.Data", "Data\WeLearn.Data\WeLearn.Data.csproj", "{8AC788FA-3C5B-4681-9FC9-98BCC37DF29E}"
EndProject
Project("{9A19103F-16F7-4668-BE54-9A1E7A4F7556}") = "WeLearn.Web", "Web\WeLearn.Web\WeLearn.Web.csproj", "{ACAA9F95-8BE4-42EF-BD15-72DD7919C401}"
EndProject
Project("{9A19103F-16F7-4668-BE54-9A1E7A4F7556}") = "WeLearn.Tests", "Tests\WeLearn.Tests\WeLearn.Tests.csproj", "{3AEA1D53-D92F-4E06-86CE-FFD9DF33311D}"
EndProject
Project("{9A19103F-16F7-4668-BE54-9A1E7A4F7556}") = "WeLearn.Common", "Common\WeLearn.Common\WeLearn.Common.csproj", "{8B2845A1-2A85-4AC4-B0E1-BEC5FD2A68AE}"
EndProject
Project("{2150E333-8FDC-42A3-9474-1A3956D46DE8}") = "Web", "Web", "{308EA089-7CFC-4423-92B8-7C775F56B060}"
EndProject
Project("{2150E333-8FDC-42A3-9474-1A3956D46DE8}") = "Data", "Data", "{DE18CB4D-E931-472C-AA71-D34846EB2F42}"
EndProject
Project("{2150E333-8FDC-42A3-9474-1A3956D46DE8}") = "Services", "Services", "{5A7BD9C0-3F58-4E9C-8697-9710EA306333}"
EndProject
Project("{2150E333-8FDC-42A3-9474-1A3956D46DE8}") = "Tests", "Tests", "{403835B6-3A04-4028-8BED-50C53FDAA797}"
EndProject
Project("{2150E333-8FDC-42A3-9474-1A3956D46DE8}") = "Common", "Common", "{C9A27324-0EC1-4039-A785-CF2213333B27}"
EndProject
Project("{FAE04EC0-301F-11D3-BF4B-00C04F79EFBC}") = "WeLearn.Services.CronJobs", "Services\WeLearn.Services.CronJobs\WeLearn.Services.CronJobs.csproj", "{1AE8E850-4D89-43A6-8F46-16317E433C24}"
EndProject
Project("{FAE04EC0-301F-11D3-BF4B-00C04F79EFBC}") = "WeLearn.Web.ViewModels", "Web\WeLearn.Web.ViewModels\WeLearn.Web.ViewModels.csproj", "{FB0A27A2-9AD4-42E5-A796-249A5DA8FE39}"
EndProject
Project("{FAE04EC0-301F-11D3-BF4B-00C04F79EFBC}") = "WeLearn.Services.Mapping", "Services\WeLearn.Services.Mapping\WeLearn.Services.Mapping.csproj", "{CDC5CB31-D11C-4A94-9F14-EE67E38355EC}"
EndProject
Global
	GlobalSection(SolutionConfigurationPlatforms) = preSolution
		Debug|Any CPU = Debug|Any CPU
		Release|Any CPU = Release|Any CPU
	EndGlobalSection
	GlobalSection(ProjectConfigurationPlatforms) = postSolution
		{29A8C1D1-7AED-4456-BAA3-95FE30FD18B0}.Debug|Any CPU.ActiveCfg = Debug|Any CPU
		{29A8C1D1-7AED-4456-BAA3-95FE30FD18B0}.Debug|Any CPU.Build.0 = Debug|Any CPU
		{29A8C1D1-7AED-4456-BAA3-95FE30FD18B0}.Release|Any CPU.ActiveCfg = Release|Any CPU
		{29A8C1D1-7AED-4456-BAA3-95FE30FD18B0}.Release|Any CPU.Build.0 = Release|Any CPU
		{8AC788FA-3C5B-4681-9FC9-98BCC37DF29E}.Debug|Any CPU.ActiveCfg = Debug|Any CPU
		{8AC788FA-3C5B-4681-9FC9-98BCC37DF29E}.Debug|Any CPU.Build.0 = Debug|Any CPU
		{8AC788FA-3C5B-4681-9FC9-98BCC37DF29E}.Release|Any CPU.ActiveCfg = Release|Any CPU
		{8AC788FA-3C5B-4681-9FC9-98BCC37DF29E}.Release|Any CPU.Build.0 = Release|Any CPU
		{ACAA9F95-8BE4-42EF-BD15-72DD7919C401}.Debug|Any CPU.ActiveCfg = Debug|Any CPU
		{ACAA9F95-8BE4-42EF-BD15-72DD7919C401}.Debug|Any CPU.Build.0 = Debug|Any CPU
		{ACAA9F95-8BE4-42EF-BD15-72DD7919C401}.Release|Any CPU.ActiveCfg = Release|Any CPU
		{ACAA9F95-8BE4-42EF-BD15-72DD7919C401}.Release|Any CPU.Build.0 = Release|Any CPU
		{3AEA1D53-D92F-4E06-86CE-FFD9DF33311D}.Debug|Any CPU.ActiveCfg = Debug|Any CPU
		{3AEA1D53-D92F-4E06-86CE-FFD9DF33311D}.Debug|Any CPU.Build.0 = Debug|Any CPU
		{3AEA1D53-D92F-4E06-86CE-FFD9DF33311D}.Release|Any CPU.ActiveCfg = Release|Any CPU
		{3AEA1D53-D92F-4E06-86CE-FFD9DF33311D}.Release|Any CPU.Build.0 = Release|Any CPU
		{8B2845A1-2A85-4AC4-B0E1-BEC5FD2A68AE}.Debug|Any CPU.ActiveCfg = Debug|Any CPU
		{8B2845A1-2A85-4AC4-B0E1-BEC5FD2A68AE}.Debug|Any CPU.Build.0 = Debug|Any CPU
		{8B2845A1-2A85-4AC4-B0E1-BEC5FD2A68AE}.Release|Any CPU.ActiveCfg = Release|Any CPU
		{8B2845A1-2A85-4AC4-B0E1-BEC5FD2A68AE}.Release|Any CPU.Build.0 = Release|Any CPU
		{1AE8E850-4D89-43A6-8F46-16317E433C24}.Debug|Any CPU.ActiveCfg = Debug|Any CPU
		{1AE8E850-4D89-43A6-8F46-16317E433C24}.Debug|Any CPU.Build.0 = Debug|Any CPU
		{1AE8E850-4D89-43A6-8F46-16317E433C24}.Release|Any CPU.ActiveCfg = Release|Any CPU
		{1AE8E850-4D89-43A6-8F46-16317E433C24}.Release|Any CPU.Build.0 = Release|Any CPU
		{FB0A27A2-9AD4-42E5-A796-249A5DA8FE39}.Debug|Any CPU.ActiveCfg = Debug|Any CPU
		{FB0A27A2-9AD4-42E5-A796-249A5DA8FE39}.Debug|Any CPU.Build.0 = Debug|Any CPU
		{FB0A27A2-9AD4-42E5-A796-249A5DA8FE39}.Release|Any CPU.ActiveCfg = Release|Any CPU
		{FB0A27A2-9AD4-42E5-A796-249A5DA8FE39}.Release|Any CPU.Build.0 = Release|Any CPU
		{CDC5CB31-D11C-4A94-9F14-EE67E38355EC}.Debug|Any CPU.ActiveCfg = Debug|Any CPU
		{CDC5CB31-D11C-4A94-9F14-EE67E38355EC}.Debug|Any CPU.Build.0 = Debug|Any CPU
		{CDC5CB31-D11C-4A94-9F14-EE67E38355EC}.Release|Any CPU.ActiveCfg = Release|Any CPU
		{CDC5CB31-D11C-4A94-9F14-EE67E38355EC}.Release|Any CPU.Build.0 = Release|Any CPU
	EndGlobalSection
	GlobalSection(SolutionProperties) = preSolution
		HideSolutionNode = FALSE
	EndGlobalSection
	GlobalSection(ExtensibilityGlobals) = postSolution
		SolutionGuid = {66754CA1-F81B-426E-BEDF-EFC0EF2D1AC2}
	EndGlobalSection
	GlobalSection(NestedProjects) = preSolution
		{ACAA9F95-8BE4-42EF-BD15-72DD7919C401} = {308EA089-7CFC-4423-92B8-7C775F56B060}
		{8AC788FA-3C5B-4681-9FC9-98BCC37DF29E} = {DE18CB4D-E931-472C-AA71-D34846EB2F42}
		{29A8C1D1-7AED-4456-BAA3-95FE30FD18B0} = {5A7BD9C0-3F58-4E9C-8697-9710EA306333}
		{3AEA1D53-D92F-4E06-86CE-FFD9DF33311D} = {403835B6-3A04-4028-8BED-50C53FDAA797}
		{8B2845A1-2A85-4AC4-B0E1-BEC5FD2A68AE} = {C9A27324-0EC1-4039-A785-CF2213333B27}
		{1AE8E850-4D89-43A6-8F46-16317E433C24} = {5A7BD9C0-3F58-4E9C-8697-9710EA306333}
		{CDC5CB31-D11C-4A94-9F14-EE67E38355EC} = {5A7BD9C0-3F58-4E9C-8697-9710EA306333}
		{FB0A27A2-9AD4-42E5-A796-249A5DA8FE39} = {308EA089-7CFC-4423-92B8-7C775F56B060}
	EndGlobalSection
EndGlobal
